// !$*UTF8*$!
{
	archiveVersion = 1;
	classes = {
	};
	objectVersion = 56;
	objects = {

/* Begin PBXBuildFile section */
		7F239E2C2B45474A00E5EF25 /* AppDelegate.swift in Sources */ = {isa = PBXBuildFile; fileRef = 7F239E2B2B45474A00E5EF25 /* AppDelegate.swift */; };
		7F239E2E2B45474A00E5EF25 /* SceneDelegate.swift in Sources */ = {isa = PBXBuildFile; fileRef = 7F239E2D2B45474A00E5EF25 /* SceneDelegate.swift */; };
		7F239E302B45474A00E5EF25 /* ViewController.swift in Sources */ = {isa = PBXBuildFile; fileRef = 7F239E2F2B45474A00E5EF25 /* ViewController.swift */; };
		7F239E332B45474A00E5EF25 /* Main.storyboard in Resources */ = {isa = PBXBuildFile; fileRef = 7F239E312B45474A00E5EF25 /* Main.storyboard */; };
		7F239E352B45474B00E5EF25 /* Assets.xcassets in Resources */ = {isa = PBXBuildFile; fileRef = 7F239E342B45474B00E5EF25 /* Assets.xcassets */; };
		7F239E382B45474B00E5EF25 /* LaunchScreen.storyboard in Resources */ = {isa = PBXBuildFile; fileRef = 7F239E362B45474B00E5EF25 /* LaunchScreen.storyboard */; };
		7F239E402B459A2B00E5EF25 /* searchViewController.swift in Sources */ = {isa = PBXBuildFile; fileRef = 7F239E3F2B459A2B00E5EF25 /* searchViewController.swift */; };
		7F239E422B459BC200E5EF25 /* commViewController.swift in Sources */ = {isa = PBXBuildFile; fileRef = 7F239E412B459BC200E5EF25 /* commViewController.swift */; };
		7F239E462B459C0300E5EF25 /* accountViewController.swift in Sources */ = {isa = PBXBuildFile; fileRef = 7F239E452B459C0300E5EF25 /* accountViewController.swift */; };
		7F95D9D02B45B6B100B1F9C5 /* delhiViewController.swift in Sources */ = {isa = PBXBuildFile; fileRef = 7F95D9CF2B45B6B100B1F9C5 /* delhiViewController.swift */; };
		7FFCA74E2B4E5FBF0082CBF6 /* chatViewController.swift in Sources */ = {isa = PBXBuildFile; fileRef = 7FFCA74D2B4E5FBF0082CBF6 /* chatViewController.swift */; };
		7FFCA7502B4E76770082CBF6 /* chennaiViewController.swift in Sources */ = {isa = PBXBuildFile; fileRef = 7FFCA74F2B4E76770082CBF6 /* chennaiViewController.swift */; };
		7FFCA75D2B4EB2710082CBF6 /* MessegesViewController.swift in Sources */ = {isa = PBXBuildFile; fileRef = 7FFCA75C2B4EB2710082CBF6 /* MessegesViewController.swift */; };
/* End PBXBuildFile section */

/* Begin PBXFileReference section */
		7F239E282B45474A00E5EF25 /* AMIGO.app */ = {isa = PBXFileReference; explicitFileType = wrapper.application; includeInIndex = 0; path = AMIGO.app; sourceTree = BUILT_PRODUCTS_DIR; };
		7F239E2B2B45474A00E5EF25 /* AppDelegate.swift */ = {isa = PBXFileReference; lastKnownFileType = sourcecode.swift; path = AppDelegate.swift; sourceTree = "<group>"; };
		7F239E2D2B45474A00E5EF25 /* SceneDelegate.swift */ = {isa = PBXFileReference; lastKnownFileType = sourcecode.swift; path = SceneDelegate.swift; sourceTree = "<group>"; };
		7F239E2F2B45474A00E5EF25 /* ViewController.swift */ = {isa = PBXFileReference; lastKnownFileType = sourcecode.swift; path = ViewController.swift; sourceTree = "<group>"; };
		7F239E322B45474A00E5EF25 /* Base */ = {isa = PBXFileReference; lastKnownFileType = file.storyboard; name = Base; path = Base.lproj/Main.storyboard; sourceTree = "<group>"; };
		7F239E342B45474B00E5EF25 /* Assets.xcassets */ = {isa = PBXFileReference; lastKnownFileType = folder.assetcatalog; path = Assets.xcassets; sourceTree = "<group>"; };
		7F239E372B45474B00E5EF25 /* Base */ = {isa = PBXFileReference; lastKnownFileType = file.storyboard; name = Base; path = Base.lproj/LaunchScreen.storyboard; sourceTree = "<group>"; };
		7F239E392B45474B00E5EF25 /* Info.plist */ = {isa = PBXFileReference; lastKnownFileType = text.plist.xml; path = Info.plist; sourceTree = "<group>"; };
		7F239E3F2B459A2B00E5EF25 /* searchViewController.swift */ = {isa = PBXFileReference; lastKnownFileType = sourcecode.swift; path = searchViewController.swift; sourceTree = "<group>"; };
		7F239E412B459BC200E5EF25 /* commViewController.swift */ = {isa = PBXFileReference; lastKnownFileType = sourcecode.swift; path = commViewController.swift; sourceTree = "<group>"; };
		7F239E452B459C0300E5EF25 /* accountViewController.swift */ = {isa = PBXFileReference; lastKnownFileType = sourcecode.swift; path = accountViewController.swift; sourceTree = "<group>"; };
		7F95D9CF2B45B6B100B1F9C5 /* delhiViewController.swift */ = {isa = PBXFileReference; lastKnownFileType = sourcecode.swift; path = delhiViewController.swift; sourceTree = "<group>"; };
		7FFCA74D2B4E5FBF0082CBF6 /* chatViewController.swift */ = {isa = PBXFileReference; lastKnownFileType = sourcecode.swift; path = chatViewController.swift; sourceTree = "<group>"; };
		7FFCA74F2B4E76770082CBF6 /* chennaiViewController.swift */ = {isa = PBXFileReference; lastKnownFileType = sourcecode.swift; path = chennaiViewController.swift; sourceTree = "<group>"; };
		7FFCA75C2B4EB2710082CBF6 /* MessegesViewController.swift */ = {isa = PBXFileReference; lastKnownFileType = sourcecode.swift; path = MessegesViewController.swift; sourceTree = "<group>"; };
/* End PBXFileReference section */

/* Begin PBXFrameworksBuildPhase section */
		7F239E252B45474A00E5EF25 /* Frameworks */ = {
			isa = PBXFrameworksBuildPhase;
			buildActionMask = 2147483647;
			files = (
			);
			runOnlyForDeploymentPostprocessing = 0;
		};
/* End PBXFrameworksBuildPhase section */

/* Begin PBXGroup section */
		7F239E1F2B45474A00E5EF25 = {
			isa = PBXGroup;
			children = (
				7F239E2A2B45474A00E5EF25 /* AMIGO */,
				7F239E292B45474A00E5EF25 /* Products */,
			);
			sourceTree = "<group>";
		};
		7F239E292B45474A00E5EF25 /* Products */ = {
			isa = PBXGroup;
			children = (
				7F239E282B45474A00E5EF25 /* AMIGO.app */,
			);
			name = Products;
			sourceTree = "<group>";
		};
		7F239E2A2B45474A00E5EF25 /* AMIGO */ = {
			isa = PBXGroup;
			children = (
				7F239E2B2B45474A00E5EF25 /* AppDelegate.swift */,
				7F239E2D2B45474A00E5EF25 /* SceneDelegate.swift */,
				7F239E2F2B45474A00E5EF25 /* ViewController.swift */,
				7FFCA7532B4E83220082CBF6 /* TabBAR */,
				7FFCA7522B4E82ED0082CBF6 /* Chat */,
				7FFCA7512B4E76B40082CBF6 /* Cities */,
				7F239E312B45474A00E5EF25 /* Main.storyboard */,
				7F239E342B45474B00E5EF25 /* Assets.xcassets */,
				7F239E362B45474B00E5EF25 /* LaunchScreen.storyboard */,
				7F239E392B45474B00E5EF25 /* Info.plist */,
			);
			path = AMIGO;
			sourceTree = "<group>";
		};
		7FFCA7512B4E76B40082CBF6 /* Cities */ = {
			isa = PBXGroup;
			children = (
				7F239E3F2B459A2B00E5EF25 /* searchViewController.swift */,
				7F95D9CF2B45B6B100B1F9C5 /* delhiViewController.swift */,
				7FFCA74F2B4E76770082CBF6 /* chennaiViewController.swift */,
			);
			path = Cities;
			sourceTree = "<group>";
		};
		7FFCA7522B4E82ED0082CBF6 /* Chat */ = {
			isa = PBXGroup;
			children = (
				7FFCA74D2B4E5FBF0082CBF6 /* chatViewController.swift */,
				7FFCA75C2B4EB2710082CBF6 /* MessegesViewController.swift */,
			);
			path = Chat;
			sourceTree = "<group>";
		};
		7FFCA7532B4E83220082CBF6 /* TabBAR */ = {
			isa = PBXGroup;
			children = (
				7F239E452B459C0300E5EF25 /* accountViewController.swift */,
				7F239E412B459BC200E5EF25 /* commViewController.swift */,
			);
			path = TabBAR;
			sourceTree = "<group>";
		};
/* End PBXGroup section */

/* Begin PBXNativeTarget section */
		7F239E272B45474A00E5EF25 /* AMIGO */ = {
			isa = PBXNativeTarget;
			buildConfigurationList = 7F239E3C2B45474B00E5EF25 /* Build configuration list for PBXNativeTarget "AMIGO" */;
			buildPhases = (
				7F239E242B45474A00E5EF25 /* Sources */,
				7F239E252B45474A00E5EF25 /* Frameworks */,
				7F239E262B45474A00E5EF25 /* Resources */,
			);
			buildRules = (
			);
			dependencies = (
			);
			name = AMIGO;
			productName = AMIGO;
			productReference = 7F239E282B45474A00E5EF25 /* AMIGO.app */;
			productType = "com.apple.product-type.application";
		};
/* End PBXNativeTarget section */

/* Begin PBXProject section */
		7F239E202B45474A00E5EF25 /* Project object */ = {
			isa = PBXProject;
			attributes = {
				BuildIndependentTargetsInParallel = 1;
				LastSwiftUpdateCheck = 1500;
				LastUpgradeCheck = 1500;
				TargetAttributes = {
					7F239E272B45474A00E5EF25 = {
						CreatedOnToolsVersion = 15.0.1;
					};
				};
			};
			buildConfigurationList = 7F239E232B45474A00E5EF25 /* Build configuration list for PBXProject "AMIGO" */;
			compatibilityVersion = "Xcode 14.0";
			developmentRegion = en;
			hasScannedForEncodings = 0;
			knownRegions = (
				en,
				Base,
			);
			mainGroup = 7F239E1F2B45474A00E5EF25;
			productRefGroup = 7F239E292B45474A00E5EF25 /* Products */;
			projectDirPath = "";
			projectRoot = "";
			targets = (
				7F239E272B45474A00E5EF25 /* AMIGO */,
			);
		};
/* End PBXProject section */

/* Begin PBXResourcesBuildPhase section */
		7F239E262B45474A00E5EF25 /* Resources */ = {
			isa = PBXResourcesBuildPhase;
			buildActionMask = 2147483647;
			files = (
				7F239E382B45474B00E5EF25 /* LaunchScreen.storyboard in Resources */,
				7F239E352B45474B00E5EF25 /* Assets.xcassets in Resources */,
				7F239E332B45474A00E5EF25 /* Main.storyboard in Resources */,
			);
			runOnlyForDeploymentPostprocessing = 0;
		};
/* End PBXResourcesBuildPhase section */

/* Begin PBXSourcesBuildPhase section */
		7F239E242B45474A00E5EF25 /* Sources */ = {
			isa = PBXSourcesBuildPhase;
			buildActionMask = 2147483647;
			files = (
				7F239E302B45474A00E5EF25 /* ViewController.swift in Sources */,
				7F95D9D02B45B6B100B1F9C5 /* delhiViewController.swift in Sources */,
				7FFCA74E2B4E5FBF0082CBF6 /* chatViewController.swift in Sources */,
				7F239E462B459C0300E5EF25 /* accountViewController.swift in Sources */,
				7F239E2C2B45474A00E5EF25 /* AppDelegate.swift in Sources */,
				7F239E402B459A2B00E5EF25 /* searchViewController.swift in Sources */,
				7FFCA75D2B4EB2710082CBF6 /* MessegesViewController.swift in Sources */,
				7F239E2E2B45474A00E5EF25 /* SceneDelegate.swift in Sources */,
				7F239E422B459BC200E5EF25 /* commViewController.swift in Sources */,
				7FFCA7502B4E76770082CBF6 /* chennaiViewController.swift in Sources */,
			);
			runOnlyForDeploymentPostprocessing = 0;
		};
/* End PBXSourcesBuildPhase section */

/* Begin PBXVariantGroup section */
		7F239E312B45474A00E5EF25 /* Main.storyboard */ = {
			isa = PBXVariantGroup;
			children = (
				7F239E322B45474A00E5EF25 /* Base */,
			);
			name = Main.storyboard;
			sourceTree = "<group>";
		};
		7F239E362B45474B00E5EF25 /* LaunchScreen.storyboard */ = {
			isa = PBXVariantGroup;
			children = (
				7F239E372B45474B00E5EF25 /* Base */,
			);
			name = LaunchScreen.storyboard;
			sourceTree = "<group>";
		};
/* End PBXVariantGroup section */

/* Begin XCBuildConfiguration section */
		7F239E3A2B45474B00E5EF25 /* Debug */ = {
			isa = XCBuildConfiguration;
			buildSettings = {
				ALWAYS_SEARCH_USER_PATHS = NO;
				ASSETCATALOG_COMPILER_GENERATE_SWIFT_ASSET_SYMBOL_EXTENSIONS = YES;
				CLANG_ANALYZER_NONNULL = YES;
				CLANG_ANALYZER_NUMBER_OBJECT_CONVERSION = YES_AGGRESSIVE;
				CLANG_CXX_LANGUAGE_STANDARD = "gnu++20";
				CLANG_ENABLE_MODULES = YES;
				CLANG_ENABLE_OBJC_ARC = YES;
				CLANG_ENABLE_OBJC_WEAK = YES;
				CLANG_WARN_BLOCK_CAPTURE_AUTORELEASING = YES;
				CLANG_WARN_BOOL_CONVERSION = YES;
				CLANG_WARN_COMMA = YES;
				CLANG_WARN_CONSTANT_CONVERSION = YES;
				CLANG_WARN_DEPRECATED_OBJC_IMPLEMENTATIONS = YES;
				CLANG_WARN_DIRECT_OBJC_ISA_USAGE = YES_ERROR;
				CLANG_WARN_DOCUMENTATION_COMMENTS = YES;
				CLANG_WARN_EMPTY_BODY = YES;
				CLANG_WARN_ENUM_CONVERSION = YES;
				CLANG_WARN_INFINITE_RECURSION = YES;
				CLANG_WARN_INT_CONVERSION = YES;
				CLANG_WARN_NON_LITERAL_NULL_CONVERSION = YES;
				CLANG_WARN_OBJC_IMPLICIT_RETAIN_SELF = YES;
				CLANG_WARN_OBJC_LITERAL_CONVERSION = YES;
				CLANG_WARN_OBJC_ROOT_CLASS = YES_ERROR;
				CLANG_WARN_QUOTED_INCLUDE_IN_FRAMEWORK_HEADER = YES;
				CLANG_WARN_RANGE_LOOP_ANALYSIS = YES;
				CLANG_WARN_STRICT_PROTOTYPES = YES;
				CLANG_WARN_SUSPICIOUS_MOVE = YES;
				CLANG_WARN_UNGUARDED_AVAILABILITY = YES_AGGRESSIVE;
				CLANG_WARN_UNREACHABLE_CODE = YES;
				CLANG_WARN__DUPLICATE_METHOD_MATCH = YES;
				COPY_PHASE_STRIP = NO;
				DEBUG_INFORMATION_FORMAT = dwarf;
				ENABLE_STRICT_OBJC_MSGSEND = YES;
				ENABLE_TESTABILITY = YES;
				ENABLE_USER_SCRIPT_SANDBOXING = YES;
				GCC_C_LANGUAGE_STANDARD = gnu17;
				GCC_DYNAMIC_NO_PIC = NO;
				GCC_NO_COMMON_BLOCKS = YES;
				GCC_OPTIMIZATION_LEVEL = 0;
				GCC_PREPROCESSOR_DEFINITIONS = (
					"DEBUG=1",
					"$(inherited)",
				);
				GCC_WARN_64_TO_32_BIT_CONVERSION = YES;
				GCC_WARN_ABOUT_RETURN_TYPE = YES_ERROR;
				GCC_WARN_UNDECLARED_SELECTOR = YES;
				GCC_WARN_UNINITIALIZED_AUTOS = YES_AGGRESSIVE;
				GCC_WARN_UNUSED_FUNCTION = YES;
				GCC_WARN_UNUSED_VARIABLE = YES;
				IPHONEOS_DEPLOYMENT_TARGET = 17.0;
				LOCALIZATION_PREFERS_STRING_CATALOGS = YES;
				MTL_ENABLE_DEBUG_INFO = INCLUDE_SOURCE;
				MTL_FAST_MATH = YES;
				ONLY_ACTIVE_ARCH = YES;
				SDKROOT = iphoneos;
				SWIFT_ACTIVE_COMPILATION_CONDITIONS = "DEBUG $(inherited)";
				SWIFT_OPTIMIZATION_LEVEL = "-Onone";
			};
			name = Debug;
		};
		7F239E3B2B45474B00E5EF25 /* Release */ = {
			isa = XCBuildConfiguration;
			buildSettings = {
				ALWAYS_SEARCH_USER_PATHS = NO;
				ASSETCATALOG_COMPILER_GENERATE_SWIFT_ASSET_SYMBOL_EXTENSIONS = YES;
				CLANG_ANALYZER_NONNULL = YES;
				CLANG_ANALYZER_NUMBER_OBJECT_CONVERSION = YES_AGGRESSIVE;
				CLANG_CXX_LANGUAGE_STANDARD = "gnu++20";
				CLANG_ENABLE_MODULES = YES;
				CLANG_ENABLE_OBJC_ARC = YES;
				CLANG_ENABLE_OBJC_WEAK = YES;
				CLANG_WARN_BLOCK_CAPTURE_AUTORELEASING = YES;
				CLANG_WARN_BOOL_CONVERSION = YES;
				CLANG_WARN_COMMA = YES;
				CLANG_WARN_CONSTANT_CONVERSION = YES;
				CLANG_WARN_DEPRECATED_OBJC_IMPLEMENTATIONS = YES;
				CLANG_WARN_DIRECT_OBJC_ISA_USAGE = YES_ERROR;
				CLANG_WARN_DOCUMENTATION_COMMENTS = YES;
				CLANG_WARN_EMPTY_BODY = YES;
				CLANG_WARN_ENUM_CONVERSION = YES;
				CLANG_WARN_INFINITE_RECURSION = YES;
				CLANG_WARN_INT_CONVERSION = YES;
				CLANG_WARN_NON_LITERAL_NULL_CONVERSION = YES;
				CLANG_WARN_OBJC_IMPLICIT_RETAIN_SELF = YES;
				CLANG_WARN_OBJC_LITERAL_CONVERSION = YES;
				CLANG_WARN_OBJC_ROOT_CLASS = YES_ERROR;
				CLANG_WARN_QUOTED_INCLUDE_IN_FRAMEWORK_HEADER = YES;
				CLANG_WARN_RANGE_LOOP_ANALYSIS = YES;
				CLANG_WARN_STRICT_PROTOTYPES = YES;
				CLANG_WARN_SUSPICIOUS_MOVE = YES;
				CLANG_WARN_UNGUARDED_AVAILABILITY = YES_AGGRESSIVE;
				CLANG_WARN_UNREACHABLE_CODE = YES;
				CLANG_WARN__DUPLICATE_METHOD_MATCH = YES;
				COPY_PHASE_STRIP = NO;
				DEBUG_INFORMATION_FORMAT = "dwarf-with-dsym";
				ENABLE_NS_ASSERTIONS = NO;
				ENABLE_STRICT_OBJC_MSGSEND = YES;
				ENABLE_USER_SCRIPT_SANDBOXING = YES;
				GCC_C_LANGUAGE_STANDARD = gnu17;
				GCC_NO_COMMON_BLOCKS = YES;
				GCC_WARN_64_TO_32_BIT_CONVERSION = YES;
				GCC_WARN_ABOUT_RETURN_TYPE = YES_ERROR;
				GCC_WARN_UNDECLARED_SELECTOR = YES;
				GCC_WARN_UNINITIALIZED_AUTOS = YES_AGGRESSIVE;
				GCC_WARN_UNUSED_FUNCTION = YES;
				GCC_WARN_UNUSED_VARIABLE = YES;
				IPHONEOS_DEPLOYMENT_TARGET = 17.0;
				LOCALIZATION_PREFERS_STRING_CATALOGS = YES;
				MTL_ENABLE_DEBUG_INFO = NO;
				MTL_FAST_MATH = YES;
				SDKROOT = iphoneos;
				SWIFT_COMPILATION_MODE = wholemodule;
				VALIDATE_PRODUCT = YES;
			};
			name = Release;
		};
		7F239E3D2B45474B00E5EF25 /* Debug */ = {
			isa = XCBuildConfiguration;
			buildSettings = {
				ASSETCATALOG_COMPILER_APPICON_NAME = AppIcon;
				ASSETCATALOG_COMPILER_GLOBAL_ACCENT_COLOR_NAME = AccentColor;
				CODE_SIGN_STYLE = Automatic;
				CURRENT_PROJECT_VERSION = 1;
				DEVELOPMENT_TEAM = V4RVVUT4BS;
				GENERATE_INFOPLIST_FILE = YES;
				INFOPLIST_FILE = AMIGO/Info.plist;
				INFOPLIST_KEY_UIApplicationSupportsIndirectInputEvents = YES;
				INFOPLIST_KEY_UILaunchStoryboardName = LaunchScreen;
				INFOPLIST_KEY_UIMainStoryboardFile = Main;
				INFOPLIST_KEY_UISupportedInterfaceOrientations_iPad = "UIInterfaceOrientationPortrait UIInterfaceOrientationPortraitUpsideDown UIInterfaceOrientationLandscapeLeft UIInterfaceOrientationLandscapeRight";
				INFOPLIST_KEY_UISupportedInterfaceOrientations_iPhone = "UIInterfaceOrientationPortrait UIInterfaceOrientationLandscapeLeft UIInterfaceOrientationLandscapeRight";
				LD_RUNPATH_SEARCH_PATHS = (
					"$(inherited)",
					"@executable_path/Frameworks",
				);
				MARKETING_VERSION = 1.0;
				PRODUCT_BUNDLE_IDENTIFIER = mycompany.com.AMIGO;
				PRODUCT_NAME = "$(TARGET_NAME)";
				SWIFT_EMIT_LOC_STRINGS = YES;
				SWIFT_VERSION = 5.0;
				TARGETED_DEVICE_FAMILY = "1,2";
			};
			name = Debug;
		};
		7F239E3E2B45474B00E5EF25 /* Release */ = {
			isa = XCBuildConfiguration;
			buildSettings = {
				ASSETCATALOG_COMPILER_APPICON_NAME = AppIcon;
				ASSETCATALOG_COMPILER_GLOBAL_ACCENT_COLOR_NAME = AccentColor;
				CODE_SIGN_STYLE = Automatic;
				CURRENT_PROJECT_VERSION = 1;
				DEVELOPMENT_TEAM = V4RVVUT4BS;
				GENERATE_INFOPLIST_FILE = YES;
				INFOPLIST_FILE = AMIGO/Info.plist;
				INFOPLIST_KEY_UIApplicationSupportsIndirectInputEvents = YES;
				INFOPLIST_KEY_UILaunchStoryboardName = LaunchScreen;
				INFOPLIST_KEY_UIMainStoryboardFile = Main;
				INFOPLIST_KEY_UISupportedInterfaceOrientations_iPad = "UIInterfaceOrientationPortrait UIInterfaceOrientationPortraitUpsideDown UIInterfaceOrientationLandscapeLeft UIInterfaceOrientationLandscapeRight";
				INFOPLIST_KEY_UISupportedInterfaceOrientations_iPhone = "UIInterfaceOrientationPortrait UIInterfaceOrientationLandscapeLeft UIInterfaceOrientationLandscapeRight";
				LD_RUNPATH_SEARCH_PATHS = (
					"$(inherited)",
					"@executable_path/Frameworks",
				);
				MARKETING_VERSION = 1.0;
				PRODUCT_BUNDLE_IDENTIFIER = mycompany.com.AMIGO;
				PRODUCT_NAME = "$(TARGET_NAME)";
				SWIFT_EMIT_LOC_STRINGS = YES;
				SWIFT_VERSION = 5.0;
				TARGETED_DEVICE_FAMILY = "1,2";
			};
			name = Release;
		};
/* End XCBuildConfiguration section */

/* Begin XCConfigurationList section */
		7F239E232B45474A00E5EF25 /* Build configuration list for PBXProject "AMIGO" */ = {
			isa = XCConfigurationList;
			buildConfigurations = (
				7F239E3A2B45474B00E5EF25 /* Debug */,
				7F239E3B2B45474B00E5EF25 /* Release */,
			);
			defaultConfigurationIsVisible = 0;
			defaultConfigurationName = Release;
		};
		7F239E3C2B45474B00E5EF25 /* Build configuration list for PBXNativeTarget "AMIGO" */ = {
			isa = XCConfigurationList;
			buildConfigurations = (
				7F239E3D2B45474B00E5EF25 /* Debug */,
				7F239E3E2B45474B00E5EF25 /* Release */,
			);
			defaultConfigurationIsVisible = 0;
			defaultConfigurationName = Release;
		};
/* End XCConfigurationList section */
	};
	rootObject = 7F239E202B45474A00E5EF25 /* Project object */;
}
